
Microsoft Visual Studio Solution File, Format Version 12.00
# Visual Studio Version 17
VisualStudioVersion = 17.9.34407.89
MinimumVisualStudioVersion = 10.0.40219.1
Project("{9A19103F-16F7-4668-BE54-9A1E7A4F7556}") = "EquipmentCatalog", "EquipmentCatalog\EquipmentCatalog.csproj", "{F6D40AE4-4DCC-4293-96F9-28D38AE1AFC4}"
EndProject
Project("{FAE04EC0-301F-11D3-BF4B-00C04F79EFBC}") = "EqCatalogAPI", "EqCatalogAPI\EqCatalogAPI.csproj", "{EEE692FD-6524-4E9F-A6EB-0A2117A86F56}"
EndProject
Global
	GlobalSection(SolutionConfigurationPlatforms) = preSolution
		Debug|Any CPU = Debug|Any CPU
		Release|Any CPU = Release|Any CPU
	EndGlobalSection
	GlobalSection(ProjectConfigurationPlatforms) = postSolution
		{F6D40AE4-4DCC-4293-96F9-28D38AE1AFC4}.Debug|Any CPU.ActiveCfg = Debug|Any CPU
		{F6D40AE4-4DCC-4293-96F9-28D38AE1AFC4}.Debug|Any CPU.Build.0 = Debug|Any CPU
		{F6D40AE4-4DCC-4293-96F9-28D38AE1AFC4}.Release|Any CPU.ActiveCfg = Release|Any CPU
		{F6D40AE4-4DCC-4293-96F9-28D38AE1AFC4}.Release|Any CPU.Build.0 = Release|Any CPU
		{EEE692FD-6524-4E9F-A6EB-0A2117A86F56}.Debug|Any CPU.ActiveCfg = Debug|Any CPU
		{EEE692FD-6524-4E9F-A6EB-0A2117A86F56}.Debug|Any CPU.Build.0 = Debug|Any CPU
		{EEE692FD-6524-4E9F-A6EB-0A2117A86F56}.Release|Any CPU.ActiveCfg = Release|Any CPU
		{EEE692FD-6524-4E9F-A6EB-0A2117A86F56}.Release|Any CPU.Build.0 = Release|Any CPU
	EndGlobalSection
	GlobalSection(SolutionProperties) = preSolution
		HideSolutionNode = FALSE
	EndGlobalSection
	GlobalSection(ExtensibilityGlobals) = postSolution
		SolutionGuid = {C905F22D-097B-4285-94E6-54D9DDA4BB2F}
	EndGlobalSection
EndGlobal
